
Microsoft Visual Studio Solution File, Format Version 12.00
# Visual Studio Version 17
VisualStudioVersion = 17.7.34031.279
MinimumVisualStudioVersion = 10.0.40219.1
Project("{FAE04EC0-301F-11D3-BF4B-00C04F79EFBC}") = "ConsoleApp6", "ConsoleApp6\ConsoleApp6.csproj", "{498CDA9A-33C9-41FD-80AB-F68F5D121037}"
EndProject
Global
	GlobalSection(SolutionConfigurationPlatforms) = preSolution
		Debug|Any CPU = Debug|Any CPU
		Release|Any CPU = Release|Any CPU
	EndGlobalSection
	GlobalSection(ProjectConfigurationPlatforms) = postSolution
		{498CDA9A-33C9-41FD-80AB-F68F5D121037}.Debug|Any CPU.ActiveCfg = Debug|Any CPU
		{498CDA9A-33C9-41FD-80AB-F68F5D121037}.Debug|Any CPU.Build.0 = Debug|Any CPU
		{498CDA9A-33C9-41FD-80AB-F68F5D121037}.Release|Any CPU.ActiveCfg = Release|Any CPU
		{498CDA9A-33C9-41FD-80AB-F68F5D121037}.Release|Any CPU.Build.0 = Release|Any CPU
	EndGlobalSection
	GlobalSection(SolutionProperties) = preSolution
		HideSolutionNode = FALSE
	EndGlobalSection
	GlobalSection(ExtensibilityGlobals) = postSolution
		SolutionGuid = {457AA105-A013-4C3C-BF12-AAF77CDC9FBC}
	EndGlobalSection
EndGlobal
